
Microsoft Visual Studio Solution File, Format Version 12.00
# Visual Studio Version 17
VisualStudioVersion = 17.8.34330.188
MinimumVisualStudioVersion = 10.0.40219.1
Project("{FAE04EC0-301F-11D3-BF4B-00C04F79EFBC}") = "AFC.Api", "AFC.Api\AFC.Api.csproj", "{057BED8D-B656-4FC6-B939-B805005A3818}"
EndProject
Project("{FAE04EC0-301F-11D3-BF4B-00C04F79EFBC}") = "AFC.Base", "AFC.Base\AFC.Base.csproj", "{51A67003-030F-48A4-A0F4-4587466CD359}"
EndProject
Project("{FAE04EC0-301F-11D3-BF4B-00C04F79EFBC}") = "AFC.Business", "AFC.Business\AFC.Business.csproj", "{538B8A54-E3C2-4F61-98B5-2B7436F44FB6}"
EndProject
Project("{FAE04EC0-301F-11D3-BF4B-00C04F79EFBC}") = "AFC.Data", "AFC.Data\AFC.Data.csproj", "{AEB29232-74B1-4FB9-8FE4-FE63BA2D7F92}"
EndProject
Project("{FAE04EC0-301F-11D3-BF4B-00C04F79EFBC}") = "AFC.Schema", "AFC.Schema\AFC.Schema.csproj", "{C3946A63-4CE8-4015-81DE-AA46363EDA8A}"
EndProject
Global
	GlobalSection(SolutionConfigurationPlatforms) = preSolution
		Debug|Any CPU = Debug|Any CPU
		Release|Any CPU = Release|Any CPU
	EndGlobalSection
	GlobalSection(ProjectConfigurationPlatforms) = postSolution
		{057BED8D-B656-4FC6-B939-B805005A3818}.Debug|Any CPU.ActiveCfg = Debug|Any CPU
		{057BED8D-B656-4FC6-B939-B805005A3818}.Debug|Any CPU.Build.0 = Debug|Any CPU
		{057BED8D-B656-4FC6-B939-B805005A3818}.Release|Any CPU.ActiveCfg = Release|Any CPU
		{057BED8D-B656-4FC6-B939-B805005A3818}.Release|Any CPU.Build.0 = Release|Any CPU
		{51A67003-030F-48A4-A0F4-4587466CD359}.Debug|Any CPU.ActiveCfg = Debug|Any CPU
		{51A67003-030F-48A4-A0F4-4587466CD359}.Debug|Any CPU.Build.0 = Debug|Any CPU
		{51A67003-030F-48A4-A0F4-4587466CD359}.Release|Any CPU.ActiveCfg = Release|Any CPU
		{51A67003-030F-48A4-A0F4-4587466CD359}.Release|Any CPU.Build.0 = Release|Any CPU
		{538B8A54-E3C2-4F61-98B5-2B7436F44FB6}.Debug|Any CPU.ActiveCfg = Debug|Any CPU
		{538B8A54-E3C2-4F61-98B5-2B7436F44FB6}.Debug|Any CPU.Build.0 = Debug|Any CPU
		{538B8A54-E3C2-4F61-98B5-2B7436F44FB6}.Release|Any CPU.ActiveCfg = Release|Any CPU
		{538B8A54-E3C2-4F61-98B5-2B7436F44FB6}.Release|Any CPU.Build.0 = Release|Any CPU
		{AEB29232-74B1-4FB9-8FE4-FE63BA2D7F92}.Debug|Any CPU.ActiveCfg = Debug|Any CPU
		{AEB29232-74B1-4FB9-8FE4-FE63BA2D7F92}.Debug|Any CPU.Build.0 = Debug|Any CPU
		{AEB29232-74B1-4FB9-8FE4-FE63BA2D7F92}.Release|Any CPU.ActiveCfg = Release|Any CPU
		{AEB29232-74B1-4FB9-8FE4-FE63BA2D7F92}.Release|Any CPU.Build.0 = Release|Any CPU
		{C3946A63-4CE8-4015-81DE-AA46363EDA8A}.Debug|Any CPU.ActiveCfg = Debug|Any CPU
		{C3946A63-4CE8-4015-81DE-AA46363EDA8A}.Debug|Any CPU.Build.0 = Debug|Any CPU
		{C3946A63-4CE8-4015-81DE-AA46363EDA8A}.Release|Any CPU.ActiveCfg = Release|Any CPU
		{C3946A63-4CE8-4015-81DE-AA46363EDA8A}.Release|Any CPU.Build.0 = Release|Any CPU
	EndGlobalSection
	GlobalSection(SolutionProperties) = preSolution
		HideSolutionNode = FALSE
	EndGlobalSection
	GlobalSection(ExtensibilityGlobals) = postSolution
		SolutionGuid = {EEE7F259-A9D6-43C3-8F00-699DC646BDED}
	EndGlobalSection
EndGlobal
